{
  "nodes": {
    "daeuniverse": {
      "inputs": {
        "flake-parts": "flake-parts",
        "nixpkgs": [
          "nixpkgs"
        ]
      },
      "locked": {
        "lastModified": 1779856798,
        "narHash": "sha256-Q1BTTk45eEvP6R6/VQQ6P1GhTQHVZMhyyu3qDmYEwhQ=",
        "owner": "daeuniverse",
        "repo": "flake.nix",
        "rev": "a4f652e35e792173b30c5b9c7897f9ecebc63cc8",
        "type": "github"
      },
      "original": {
        "owner": "daeuniverse",
        "repo": "flake.nix",
        "type": "github"
      }
    },
    "danksearch": {
      "inputs": {
        "nixpkgs": [
          "nixpkgs"
        ]
      },
      "locked": {
        "lastModified": 1779650358,
        "narHash": "sha256-53a8H1NhppF1Wte4XRm78AAb23ZVOda2vlmpV4sa90U=",
        "owner": "AvengeMedia",
        "repo": "danksearch",
        "rev": "e4be0825f06370d506e4755cfeae97247a18586f",
        "type": "github"
      },
      "original": {
        "owner": "AvengeMedia",
        "repo": "danksearch",
        "type": "github"
      }
    },
    "dms": {
      "inputs": {
        "flake-compat": "flake-compat",
        "nixpkgs": [
          "nixpkgs"
        ]
      },
      "locked": {
        "lastModified": 1780380182,
        "narHash": "sha256-cukhSecNvADnLa7dk7GeUB/e1vM6hvRAFt0IDZ8Ox3I=",
        "owner": "AvengeMedia",
        "repo": "DankMaterialShell",
        "rev": "335c5b4ac55382c2077ab2a18129c03dafb9558b",
        "type": "github"
      },
      "original": {
        "owner": "AvengeMedia",
        "repo": "DankMaterialShell",
        "type": "github"
      }
    },
    "dms-plugins": {
      "inputs": {
        "nixpkgs": [
          "nixpkgs"
        ]
      },
      "locked": {
        "lastModified": 1780396806,
        "narHash": "sha256-jYJd4QEaQFy3gWQE7eQp/vrHWFqFU9hZm13dJ6JUSVE=",
        "owner": "AvengeMedia",
        "repo": "dms-plugin-registry",
        "rev": "ea67af13d6a36e2368f48b0c3d3f54baf7e4cd24",
        "type": "github"
      },
      "original": {
        "owner": "AvengeMedia",
        "repo": "dms-plugin-registry",
        "type": "github"
      }
    },
    "flake-compat": {
      "flake": false,
      "locked": {
        "lastModified": 1767039857,
        "narHash": "sha256-vNpUSpF5Nuw8xvDLj2KCwwksIbjua2LZCqhV1LNRDns=",
        "owner": "NixOS",
        "repo": "flake-compat",
        "rev": "5edf11c44bc78a0d334f6334cdaf7d60d732daab",
        "type": "github"
      },
      "original": {
        "owner": "NixOS",
        "repo": "flake-compat",
        "type": "github"
      }
    },
    "flake-compat_2": {
      "flake": false,
      "locked": {
        "lastModified": 1777699697,
        "narHash": "sha256-Eg9b/rq/ECYwNwEXs5i9wHyhxNI0JrYx2srdI2uZMaQ=",
        "ref": "refs/heads/main",
        "rev": "382052b74656a369c5408822af3f2501e9b1af81",
        "revCount": 94,
        "type": "git",
        "url": "https://git.lix.systems/lix-project/flake-compat.git"
      },
      "original": {
        "type": "git",
        "url": "https://git.lix.systems/lix-project/flake-compat.git"
      }
    },
    "flake-parts": {
      "inputs": {
        "nixpkgs-lib": "nixpkgs-lib"
      },
      "locked": {
        "lastModified": 1775087534,
        "narHash": "sha256-91qqW8lhL7TLwgQWijoGBbiD4t7/q75KTi8NxjVmSmA=",
        "owner": "hercules-ci",
        "repo": "flake-parts",
        "rev": "3107b77cd68437b9a76194f0f7f9c55f2329ca5b",
        "type": "github"
      },
      "original": {
        "owner": "hercules-ci",
        "repo": "flake-parts",
        "type": "github"
      }
    },
    "flake-parts_2": {
      "inputs": {
        "nixpkgs-lib": "nixpkgs-lib_2"
      },
      "locked": {
        "lastModified": 1778716662,
        "narHash": "sha256-m1Yf0wZ8j1OHjTc2UwHwyQRSnNeSgLJOd7q5Y45hzi4=",
        "owner": "hercules-ci",
        "repo": "flake-parts",
        "rev": "f7c1a2d347e4c52d5fb8d10cb4d94b5884e546fb",
        "type": "github"
      },
      "original": {
        "owner": "hercules-ci",
        "repo": "flake-parts",
        "type": "github"
      }
    },
    "flake-parts_3": {
      "inputs": {
        "nixpkgs-lib": [
          "nvf",
          "nixpkgs"
        ]
      },
      "locked": {
        "lastModified": 1778716662,
        "narHash": "sha256-m1Yf0wZ8j1OHjTc2UwHwyQRSnNeSgLJOd7q5Y45hzi4=",
        "owner": "hercules-ci",
        "repo": "flake-parts",
        "rev": "f7c1a2d347e4c52d5fb8d10cb4d94b5884e546fb",
        "type": "github"
      },
      "original": {
        "owner": "hercules-ci",
        "repo": "flake-parts",
        "type": "github"
      }
    },
    "home-manager": {
      "inputs": {
        "nixpkgs": [
          "nixpkgs"
        ]
      },
      "locked": {
        "lastModified": 1780408569,
        "narHash": "sha256-s7Tv6FUQThRAvW8En8XVC6HMb0uiikzVccCcCo9u/Bg=",
        "owner": "nix-community",
        "repo": "home-manager",
        "rev": "f384af1bec6423a0d4ba1855917ab948f64e5808",
        "type": "github"
      },
      "original": {
        "owner": "nix-community",
        "repo": "home-manager",
        "type": "github"
      }
    },
    "mnw": {
      "locked": {
        "lastModified": 1778541201,
        "narHash": "sha256-n0twkzWexzjsoDycOTvvQNuGEdg62UiNHYcFCduYpKI=",
        "owner": "Gerg-L",
        "repo": "mnw",
        "rev": "1a3573fc9d2486738fe0b2cacc5cd10dd5f3a445",
        "type": "github"
      },
      "original": {
        "owner": "Gerg-L",
        "repo": "mnw",
        "type": "github"
      }
    },
    "ndg": {
      "inputs": {
        "nixpkgs": [
          "nvf",
          "nixpkgs"
        ]
      },
      "locked": {
        "lastModified": 1779233504,
        "narHash": "sha256-YIKEyzh0NFQlD0O92LQQNMoVCDwV8yw1Xz0Iu+4ZC5U=",
        "owner": "feel-co",
        "repo": "ndg",
        "rev": "86f6644411a64d5413711895b7cf6e0e1be465b6",
        "type": "github"
      },
      "original": {
        "owner": "feel-co",
        "ref": "refs/tags/v2.8.0",
        "repo": "ndg",
        "type": "github"
      }
    },
    "niri": {
      "inputs": {
        "niri-stable": "niri-stable",
        "niri-unstable": "niri-unstable",
        "nixpkgs": [
          "nixpkgs"
        ],
        "nixpkgs-stable": "nixpkgs-stable",
        "xwayland-satellite-stable": "xwayland-satellite-stable",
        "xwayland-satellite-unstable": "xwayland-satellite-unstable"
      },
      "locked": {
        "lastModified": 1780348240,
        "narHash": "sha256-V4QJAR5+AHUV31KOwrUVE8efOC9bkhLHbvkXT05I0mY=",
        "owner": "sodiboo",
        "repo": "niri-flake",
        "rev": "134a4f01eff9291806eab0e8d9fe31bbda7587f3",
        "type": "github"
      },
      "original": {
        "owner": "sodiboo",
        "repo": "niri-flake",
        "type": "github"
      }
    },
    "niri-stable": {
      "flake": false,
      "locked": {
        "lastModified": 1756556321,
        "narHash": "sha256-RLD89dfjN0RVO86C/Mot0T7aduCygPGaYbog566F0Qo=",
        "owner": "YaLTeR",
        "repo": "niri",
        "rev": "01be0e65f4eb91a9cd624ac0b76aaeab765c7294",
        "type": "github"
      },
      "original": {
        "owner": "YaLTeR",
        "ref": "v25.08",
        "repo": "niri",
        "type": "github"
      }
    },
    "niri-unstable": {
      "flake": false,
      "locked": {
        "lastModified": 1780056110,
        "narHash": "sha256-t7lKVshV/srD0G06j4r5P5qj9zaDeZ9JYFCxHDGROZU=",
        "owner": "YaLTeR",
        "repo": "niri",
        "rev": "f9f43d826ab4014a7c302be28d7da33e12f5be37",
        "type": "github"
      },
      "original": {
        "owner": "YaLTeR",
        "repo": "niri",
        "type": "github"
      }
    },
    "nixpkgs": {
      "locked": {
        "lastModified": 1780243769,
        "narHash": "sha256-x5UQuRsH3MqI0U9afaXSNqzTPSeZlRLvFAav2Ux1pNw=",
        "owner": "NixOS",
        "repo": "nixpkgs",
        "rev": "331800de5053fcebacf6813adb5db9c9dca22a0c",
        "type": "github"
      },
      "original": {
        "owner": "NixOS",
        "ref": "nixos-unstable",
        "repo": "nixpkgs",
        "type": "github"
      }
    },
    "nixpkgs-lib": {
      "locked": {
        "lastModified": 1774748309,
        "narHash": "sha256-+U7gF3qxzwD5TZuANzZPeJTZRHS29OFQgkQ2kiTJBIQ=",
        "owner": "nix-community",
        "repo": "nixpkgs.lib",
        "rev": "333c4e0545a6da976206c74db8773a1645b5870a",
        "type": "github"
      },
      "original": {
        "owner": "nix-community",
        "repo": "nixpkgs.lib",
        "type": "github"
      }
    },
    "nixpkgs-lib_2": {
      "locked": {
        "lastModified": 1777168982,
        "narHash": "sha256-GOkGPcboWE9BmGCRMLX3worL4EMnsnG8MyKmXNeYuhQ=",
        "owner": "nix-community",
        "repo": "nixpkgs.lib",
        "rev": "f5901329dade4a6ea039af1433fb087bd9c1fe14",
        "type": "github"
      },
      "original": {
        "owner": "nix-community",
        "repo": "nixpkgs.lib",
        "type": "github"
      }
    },
    "nixpkgs-stable": {
      "locked": {
        "lastModified": 1779796641,
        "narHash": "sha256-ZsIrKmhp4vbBXoXXmR/tBXA/UCsAQiJL9vsgZEduhVY=",
        "owner": "NixOS",
        "repo": "nixpkgs",
        "rev": "25f538306313eae3927264466c70d7001dcea1df",
        "type": "github"
      },
      "original": {
        "owner": "NixOS",
        "ref": "nixos-25.11",
        "repo": "nixpkgs",
        "type": "github"
      }
    },
    "nvf": {
      "inputs": {
        "flake-compat": "flake-compat_2",
        "flake-parts": "flake-parts_3",
        "mnw": "mnw",
        "ndg": "ndg",
        "nixpkgs": [
          "nixpkgs"
        ],
        "systems": "systems"
      },
      "locked": {
        "lastModified": 1780042000,
        "narHash": "sha256-RxFOqPMAlbWiWwh7CQ0bIHIdt4D5gAttx3YVifBBWgE=",
        "owner": "NotAShelf",
        "repo": "nvf",
        "rev": "07b57ebc6c9e778c536ac0ff1b01fb18dc90239a",
        "type": "github"
      },
      "original": {
        "owner": "NotAShelf",
        "repo": "nvf",
        "type": "github"
      }
    },
    "root": {
      "inputs": {
        "daeuniverse": "daeuniverse",
        "danksearch": "danksearch",
        "dms": "dms",
        "dms-plugins": "dms-plugins",
        "flake-parts": "flake-parts_2",
        "home-manager": "home-manager",
        "niri": "niri",
        "nixpkgs": "nixpkgs",
        "nvf": "nvf",
        "silentSDDM": "silentSDDM",
        "sops-nix": "sops-nix",
        "zen-browser": "zen-browser"
      }
    },
    "silentSDDM": {
      "inputs": {
        "nixpkgs": [
          "nixpkgs"
        ]
      },
      "locked": {
        "lastModified": 1780180566,
        "narHash": "sha256-tfXlfIFWY+E/izmRb9Qd3to3guxhyIh9HyZAoTKqa9k=",
        "owner": "uiriansan",
        "repo": "SilentSDDM",
        "rev": "0828621769acaa26ef131ed96255c7bd06038111",
        "type": "github"
      },
      "original": {
        "owner": "uiriansan",
        "repo": "SilentSDDM",
        "type": "github"
      }
    },
    "sops-nix": {
      "inputs": {
        "nixpkgs": [
          "nixpkgs"
        ]
      },
      "locked": {
        "lastModified": 1777944972,
        "narHash": "sha256-VfGRo1qTBKOe3s2gOv8LSoA6Fk19PvBlwQ1ECN0Evn8=",
        "owner": "mic92",
        "repo": "sops-nix",
        "rev": "c591bf665727040c6cc5cb409079acb22dcce33c",
        "type": "github"
      },
      "original": {
        "owner": "mic92",
        "repo": "sops-nix",
        "type": "github"
      }
    },
    "systems": {
      "locked": {
        "lastModified": 1681028828,
        "narHash": "sha256-Vy1rq5AaRuLzOxct8nz4T6wlgyUR7zLU309k9mBC768=",
        "owner": "nix-systems",
        "repo": "default",
        "rev": "da67096a3b9bf56a91d16901293e51ba5b49a27e",
        "type": "github"
      },
      "original": {
        "owner": "nix-systems",
        "repo": "default",
        "type": "github"
      }
    },
    "xwayland-satellite-stable": {
      "flake": false,
      "locked": {
        "lastModified": 1755491097,
        "narHash": "sha256-m+9tUfsmBeF2Gn4HWa6vSITZ4Gz1eA1F5Kh62B0N4oE=",
        "owner": "Supreeeme",
        "repo": "xwayland-satellite",
        "rev": "388d291e82ffbc73be18169d39470f340707edaa",
        "type": "github"
      },
      "original": {
        "owner": "Supreeeme",
        "ref": "v0.7",
        "repo": "xwayland-satellite",
        "type": "github"
      }
    },
    "xwayland-satellite-unstable": {
      "flake": false,
      "locked": {
        "lastModified": 1779745227,
        "narHash": "sha256-yqY7RtEJGJiENzR0GwL6q69tSAy6xAAmAcLuIhLjPf8=",
        "owner": "Supreeeme",
        "repo": "xwayland-satellite",
        "rev": "5d1efbc9dc3ab1c10160b656e0247f3325daf0f2",
        "type": "github"
      },
      "original": {
        "owner": "Supreeeme",
        "repo": "xwayland-satellite",
        "type": "github"
      }
    },
    "zen-browser": {
      "inputs": {
        "nixpkgs": [
          "nixpkgs"
        ]
      },
      "locked": {
        "lastModified": 1779946062,
        "narHash": "sha256-M/2bCPYjiBTkDNV29J/00z10RM3yYnL9X74RqAHDme0=",
        "owner": "youwen5",
        "repo": "zen-browser-flake",
        "rev": "2e2c38ba20a3d614d0196e0aa44851547306e861",
        "type": "github"
      },
      "original": {
        "owner": "youwen5",
        "repo": "zen-browser-flake",
        "type": "github"
      }
    }
  },
  "root": "root",
  "version": 7
}
